<?xml version="1.0" encoding="UTF-8" standalone="yes" ?>
<CodeBlocks_project_file>
	<FileVersion major="1" minor="6" />
	<Project>
		<Option title="trywebserver" />
		<Option pch_mode="2" />
		<Option compiler="gcc" />
		<Build>
			<Target title="Debug">
				<Option output="bin/Debug/trywebserver" prefix_auto="1" extension_auto="1" />
				<Option object_output="obj/Debug/" />
				<Option type="1" />
				<Option compiler="gcc" />
				<Compiler>
					<Add option="-std=c++11" />
					<Add option="-g" />
					<Add directory="../trywebserver" />
				</Compiler>
				<Linker>
					<Add option="-lmysqlcppconn" />
					<Add option="-ldl -lpthread" />
				</Linker>
			</Target>
			<Target title="Release">
				<Option output="bin/Release/trywebserver" prefix_auto="1" extension_auto="1" />
				<Option object_output="obj/Release/" />
				<Option type="1" />
				<Option compiler="gcc" />
				<Compiler>
					<Add option="-O2" />
					<Add option="-std=c++11" />
					<Add directory="../trywebserver" />
				</Compiler>
				<Linker>
					<Add option="-s" />
				</Linker>
			</Target>
		</Build>
		<Compiler>
			<Add option="-Wall" />
		</Compiler>
		<Unit filename="CRC32.cpp" />
		<Unit filename="CRC32.h" />
		<Unit filename="Cmd.cpp" />
		<Unit filename="Cmd.h" />
		<Unit filename="Comport.cpp" />
		<Unit filename="Comport.h" />
		<Unit filename="DBPool.cpp" />
		<Unit filename="DBPool.h" />
		<Unit filename="Location.h" />
		<Unit filename="LocationSdk.h" />
		<Unit filename="SDK.h" />
		<Unit filename="SQL_Cmd.cpp" />
		<Unit filename="SQL_Cmd.h" />
		<Unit filename="SerialPort.cpp" />
		<Unit filename="SerialPort.h" />
		<Unit filename="TCP.cpp" />
		<Unit filename="TCP.h" />
		<Unit filename="UDP.cpp" />
		<Unit filename="UDP.h" />
		<Unit filename="def.h" />
		<Unit filename="main.cpp" />
		<Unit filename="ser.h" />
		<Extensions>
			<code_completion />
			<envvars />
			<debugger />
			<lib_finder disable_auto="1" />
		</Extensions>
	</Project>
</CodeBlocks_project_file>
